// !$*UTF8*$!
{
	archiveVersion = 1;
	classes = {
	};
	objectVersion = 56;
	objects = {

/* Begin PBXBuildFile section */
		0320C73EADB4A834DFF0852E /* Pods_AppBlog.framework in Frameworks */ = {isa = PBXBuildFile; fileRef = BBADF65E3187B2D9DB7089C8 /* Pods_AppBlog.framework */; };
		881A37822A4554220068E23D /* ViewPostViewController.swift in Sources */ = {isa = PBXBuildFile; fileRef = 881A37812A4554220068E23D /* ViewPostViewController.swift */; };
		881A37842A45552E0068E23D /* CreateNewPostViewController.swift in Sources */ = {isa = PBXBuildFile; fileRef = 881A37832A45552E0068E23D /* CreateNewPostViewController.swift */; };
		882918292A44FB06009FD2E0 /* AppDelegate.swift in Sources */ = {isa = PBXBuildFile; fileRef = 882918282A44FB06009FD2E0 /* AppDelegate.swift */; };
		8829182B2A44FB06009FD2E0 /* SceneDelegate.swift in Sources */ = {isa = PBXBuildFile; fileRef = 8829182A2A44FB06009FD2E0 /* SceneDelegate.swift */; };
		8829182D2A44FB06009FD2E0 /* HomeViewController.swift in Sources */ = {isa = PBXBuildFile; fileRef = 8829182C2A44FB06009FD2E0 /* HomeViewController.swift */; };
		882918322A44FB07009FD2E0 /* Assets.xcassets in Resources */ = {isa = PBXBuildFile; fileRef = 882918312A44FB07009FD2E0 /* Assets.xcassets */; };
		882918352A44FB07009FD2E0 /* LaunchScreen.storyboard in Resources */ = {isa = PBXBuildFile; fileRef = 882918332A44FB07009FD2E0 /* LaunchScreen.storyboard */; };
		882918422A44FDF9009FD2E0 /* ProfileViewController.swift in Sources */ = {isa = PBXBuildFile; fileRef = 882918412A44FDF9009FD2E0 /* ProfileViewController.swift */; };
		882918452A44FE5F009FD2E0 /* IAPManager.swift in Sources */ = {isa = PBXBuildFile; fileRef = 882918442A44FE5F009FD2E0 /* IAPManager.swift */; };
		882918472A44FE77009FD2E0 /* DataBaseManager.swift in Sources */ = {isa = PBXBuildFile; fileRef = 882918462A44FE77009FD2E0 /* DataBaseManager.swift */; };
		882918492A44FE85009FD2E0 /* AuthManager.swift in Sources */ = {isa = PBXBuildFile; fileRef = 882918482A44FE85009FD2E0 /* AuthManager.swift */; };
		8829184B2A44FE95009FD2E0 /* StorageManager.swift in Sources */ = {isa = PBXBuildFile; fileRef = 8829184A2A44FE95009FD2E0 /* StorageManager.swift */; };
		8829184F2A44FF0D009FD2E0 /* TabBarViewController.swift in Sources */ = {isa = PBXBuildFile; fileRef = 8829184E2A44FF0D009FD2E0 /* TabBarViewController.swift */; };
		88F334222A450C8200E4A894 /* GoogleService-Info.plist in Resources */ = {isa = PBXBuildFile; fileRef = 88F334212A450C8200E4A894 /* GoogleService-Info.plist */; };
		88F334242A45123F00E4A894 /* User.swift in Sources */ = {isa = PBXBuildFile; fileRef = 88F334232A45123F00E4A894 /* User.swift */; };
		88F334262A45124A00E4A894 /* BlogPost.swift in Sources */ = {isa = PBXBuildFile; fileRef = 88F334252A45124A00E4A894 /* BlogPost.swift */; };
		88F334292A45154C00E4A894 /* SignInViewController.swift in Sources */ = {isa = PBXBuildFile; fileRef = 88F334282A45154C00E4A894 /* SignInViewController.swift */; };
		88F3342B2A4515AF00E4A894 /* SignUpViewController.swift in Sources */ = {isa = PBXBuildFile; fileRef = 88F3342A2A4515AF00E4A894 /* SignUpViewController.swift */; };
		88F3342F2A45177600E4A894 /* PayWallViewController.swift in Sources */ = {isa = PBXBuildFile; fileRef = 88F3342E2A45177600E4A894 /* PayWallViewController.swift */; };
		88F334312A451BE300E4A894 /* PayWallHeaderView.swift in Sources */ = {isa = PBXBuildFile; fileRef = 88F334302A451BE300E4A894 /* PayWallHeaderView.swift */; };
		88F334332A451D7600E4A894 /* Extension.swift in Sources */ = {isa = PBXBuildFile; fileRef = 88F334322A451D7600E4A894 /* Extension.swift */; };
		88F334352A45233800E4A894 /* PayWallDescriptionView.swift in Sources */ = {isa = PBXBuildFile; fileRef = 88F334342A45233800E4A894 /* PayWallDescriptionView.swift */; };
		88F334372A452FFC00E4A894 /* SignInHeaderView.swift in Sources */ = {isa = PBXBuildFile; fileRef = 88F334362A452FFC00E4A894 /* SignInHeaderView.swift */; };
/* End PBXBuildFile section */

/* Begin PBXFileReference section */
		48AF65C7D2AC999C998FA85D /* Pods-AppBlog.release.xcconfig */ = {isa = PBXFileReference; includeInIndex = 1; lastKnownFileType = text.xcconfig; name = "Pods-AppBlog.release.xcconfig"; path = "Target Support Files/Pods-AppBlog/Pods-AppBlog.release.xcconfig"; sourceTree = "<group>"; };
		614114CD689116A382B34251 /* Pods-AppBlog.debug.xcconfig */ = {isa = PBXFileReference; includeInIndex = 1; lastKnownFileType = text.xcconfig; name = "Pods-AppBlog.debug.xcconfig"; path = "Target Support Files/Pods-AppBlog/Pods-AppBlog.debug.xcconfig"; sourceTree = "<group>"; };
		881A37812A4554220068E23D /* ViewPostViewController.swift */ = {isa = PBXFileReference; lastKnownFileType = sourcecode.swift; path = ViewPostViewController.swift; sourceTree = "<group>"; };
		881A37832A45552E0068E23D /* CreateNewPostViewController.swift */ = {isa = PBXFileReference; lastKnownFileType = sourcecode.swift; path = CreateNewPostViewController.swift; sourceTree = "<group>"; };
		882918252A44FB06009FD2E0 /* AppBlog.app */ = {isa = PBXFileReference; explicitFileType = wrapper.application; includeInIndex = 0; path = AppBlog.app; sourceTree = BUILT_PRODUCTS_DIR; };
		882918282A44FB06009FD2E0 /* AppDelegate.swift */ = {isa = PBXFileReference; lastKnownFileType = sourcecode.swift; path = AppDelegate.swift; sourceTree = "<group>"; };
		8829182A2A44FB06009FD2E0 /* SceneDelegate.swift */ = {isa = PBXFileReference; lastKnownFileType = sourcecode.swift; path = SceneDelegate.swift; sourceTree = "<group>"; };
		8829182C2A44FB06009FD2E0 /* HomeViewController.swift */ = {isa = PBXFileReference; lastKnownFileType = sourcecode.swift; path = HomeViewController.swift; sourceTree = "<group>"; };
		882918312A44FB07009FD2E0 /* Assets.xcassets */ = {isa = PBXFileReference; lastKnownFileType = folder.assetcatalog; path = Assets.xcassets; sourceTree = "<group>"; };
		882918342A44FB07009FD2E0 /* Base */ = {isa = PBXFileReference; lastKnownFileType = file.storyboard; name = Base; path = Base.lproj/LaunchScreen.storyboard; sourceTree = "<group>"; };
		882918362A44FB07009FD2E0 /* Info.plist */ = {isa = PBXFileReference; lastKnownFileType = text.plist.xml; path = Info.plist; sourceTree = "<group>"; };
		882918412A44FDF9009FD2E0 /* ProfileViewController.swift */ = {isa = PBXFileReference; lastKnownFileType = sourcecode.swift; path = ProfileViewController.swift; sourceTree = "<group>"; };
		882918442A44FE5F009FD2E0 /* IAPManager.swift */ = {isa = PBXFileReference; lastKnownFileType = sourcecode.swift; path = IAPManager.swift; sourceTree = "<group>"; };
		882918462A44FE77009FD2E0 /* DataBaseManager.swift */ = {isa = PBXFileReference; lastKnownFileType = sourcecode.swift; path = DataBaseManager.swift; sourceTree = "<group>"; };
		882918482A44FE85009FD2E0 /* AuthManager.swift */ = {isa = PBXFileReference; lastKnownFileType = sourcecode.swift; path = AuthManager.swift; sourceTree = "<group>"; };
		8829184A2A44FE95009FD2E0 /* StorageManager.swift */ = {isa = PBXFileReference; lastKnownFileType = sourcecode.swift; path = StorageManager.swift; sourceTree = "<group>"; };
		8829184E2A44FF0D009FD2E0 /* TabBarViewController.swift */ = {isa = PBXFileReference; lastKnownFileType = sourcecode.swift; path = TabBarViewController.swift; sourceTree = "<group>"; };
		88F334212A450C8200E4A894 /* GoogleService-Info.plist */ = {isa = PBXFileReference; fileEncoding = 4; lastKnownFileType = text.plist.xml; name = "GoogleService-Info.plist"; path = "../../../../../Downloads/GoogleService-Info.plist"; sourceTree = "<group>"; };
		88F334232A45123F00E4A894 /* User.swift */ = {isa = PBXFileReference; lastKnownFileType = sourcecode.swift; path = User.swift; sourceTree = "<group>"; };
		88F334252A45124A00E4A894 /* BlogPost.swift */ = {isa = PBXFileReference; lastKnownFileType = sourcecode.swift; path = BlogPost.swift; sourceTree = "<group>"; };
		88F334282A45154C00E4A894 /* SignInViewController.swift */ = {isa = PBXFileReference; lastKnownFileType = sourcecode.swift; path = SignInViewController.swift; sourceTree = "<group>"; };
		88F3342A2A4515AF00E4A894 /* SignUpViewController.swift */ = {isa = PBXFileReference; lastKnownFileType = sourcecode.swift; path = SignUpViewController.swift; sourceTree = "<group>"; };
		88F3342E2A45177600E4A894 /* PayWallViewController.swift */ = {isa = PBXFileReference; lastKnownFileType = sourcecode.swift; path = PayWallViewController.swift; sourceTree = "<group>"; };
		88F334302A451BE300E4A894 /* PayWallHeaderView.swift */ = {isa = PBXFileReference; lastKnownFileType = sourcecode.swift; path = PayWallHeaderView.swift; sourceTree = "<group>"; };
		88F334322A451D7600E4A894 /* Extension.swift */ = {isa = PBXFileReference; lastKnownFileType = sourcecode.swift; path = Extension.swift; sourceTree = "<group>"; };
		88F334342A45233800E4A894 /* PayWallDescriptionView.swift */ = {isa = PBXFileReference; lastKnownFileType = sourcecode.swift; path = PayWallDescriptionView.swift; sourceTree = "<group>"; };
		88F334362A452FFC00E4A894 /* SignInHeaderView.swift */ = {isa = PBXFileReference; lastKnownFileType = sourcecode.swift; path = SignInHeaderView.swift; sourceTree = "<group>"; };
		BBADF65E3187B2D9DB7089C8 /* Pods_AppBlog.framework */ = {isa = PBXFileReference; explicitFileType = wrapper.framework; includeInIndex = 0; path = Pods_AppBlog.framework; sourceTree = BUILT_PRODUCTS_DIR; };
/* End PBXFileReference section */

/* Begin PBXFrameworksBuildPhase section */
		882918222A44FB06009FD2E0 /* Frameworks */ = {
			isa = PBXFrameworksBuildPhase;
			buildActionMask = 2147483647;
			files = (
				0320C73EADB4A834DFF0852E /* Pods_AppBlog.framework in Frameworks */,
			);
			runOnlyForDeploymentPostprocessing = 0;
		};
/* End PBXFrameworksBuildPhase section */

/* Begin PBXGroup section */
		68114469BCF0D52811F1096F /* Frameworks */ = {
			isa = PBXGroup;
			children = (
				BBADF65E3187B2D9DB7089C8 /* Pods_AppBlog.framework */,
			);
			name = Frameworks;
			sourceTree = "<group>";
		};
		8829181C2A44FB06009FD2E0 = {
			isa = PBXGroup;
			children = (
				882918272A44FB06009FD2E0 /* AppBlog */,
				882918262A44FB06009FD2E0 /* Products */,
				9667F5D5BFC573BA2D2082A0 /* Pods */,
				68114469BCF0D52811F1096F /* Frameworks */,
			);
			sourceTree = "<group>";
		};
		882918262A44FB06009FD2E0 /* Products */ = {
			isa = PBXGroup;
			children = (
				882918252A44FB06009FD2E0 /* AppBlog.app */,
			);
			name = Products;
			sourceTree = "<group>";
		};
		882918272A44FB06009FD2E0 /* AppBlog */ = {
			isa = PBXGroup;
			children = (
				8829183E2A44FD75009FD2E0 /* Controller */,
				882918362A44FB07009FD2E0 /* Info.plist */,
				882918402A44FD7E009FD2E0 /* Manager */,
				8829183C2A44FD69009FD2E0 /* Models */,
				8829183F2A44FD7A009FD2E0 /* Other */,
				8829183D2A44FD6F009FD2E0 /* View */,
			);
			path = AppBlog;
			sourceTree = "<group>";
		};
		8829183C2A44FD69009FD2E0 /* Models */ = {
			isa = PBXGroup;
			children = (
				88F334232A45123F00E4A894 /* User.swift */,
				88F334252A45124A00E4A894 /* BlogPost.swift */,
			);
			path = Models;
			sourceTree = "<group>";
		};
		8829183D2A44FD6F009FD2E0 /* View */ = {
			isa = PBXGroup;
			children = (
				882918332A44FB07009FD2E0 /* LaunchScreen.storyboard */,
				88F334302A451BE300E4A894 /* PayWallHeaderView.swift */,
				88F334342A45233800E4A894 /* PayWallDescriptionView.swift */,
				88F334362A452FFC00E4A894 /* SignInHeaderView.swift */,
			);
			path = View;
			sourceTree = "<group>";
		};
		8829183E2A44FD75009FD2E0 /* Controller */ = {
			isa = PBXGroup;
			children = (
				88F334272A45152D00E4A894 /* Auth */,
				882918502A45032D009FD2E0 /* CoreTab */,
				88F3342D2A45174300E4A894 /* Other */,
				88F3342C2A45173100E4A894 /* Posts */,
			);
			path = Controller;
			sourceTree = "<group>";
		};
		8829183F2A44FD7A009FD2E0 /* Other */ = {
			isa = PBXGroup;
			children = (
				882918282A44FB06009FD2E0 /* AppDelegate.swift */,
				882918312A44FB07009FD2E0 /* Assets.xcassets */,
				88F334212A450C8200E4A894 /* GoogleService-Info.plist */,
				8829182A2A44FB06009FD2E0 /* SceneDelegate.swift */,
				88F334322A451D7600E4A894 /* Extension.swift */,
			);
			path = Other;
			sourceTree = "<group>";
		};
		882918402A44FD7E009FD2E0 /* Manager */ = {
			isa = PBXGroup;
			children = (
				882918482A44FE85009FD2E0 /* AuthManager.swift */,
				882918462A44FE77009FD2E0 /* DataBaseManager.swift */,
				882918442A44FE5F009FD2E0 /* IAPManager.swift */,
				8829184A2A44FE95009FD2E0 /* StorageManager.swift */,
			);
			path = Manager;
			sourceTree = "<group>";
		};
		882918502A45032D009FD2E0 /* CoreTab */ = {
			isa = PBXGroup;
			children = (
				8829182C2A44FB06009FD2E0 /* HomeViewController.swift */,
				882918412A44FDF9009FD2E0 /* ProfileViewController.swift */,
				8829184E2A44FF0D009FD2E0 /* TabBarViewController.swift */,
			);
			path = CoreTab;
			sourceTree = "<group>";
		};
		88F334272A45152D00E4A894 /* Auth */ = {
			isa = PBXGroup;
			children = (
				88F334282A45154C00E4A894 /* SignInViewController.swift */,
				88F3342A2A4515AF00E4A894 /* SignUpViewController.swift */,
			);
			path = Auth;
			sourceTree = "<group>";
		};
		88F3342C2A45173100E4A894 /* Posts */ = {
			isa = PBXGroup;
			children = (
				881A37812A4554220068E23D /* ViewPostViewController.swift */,
				881A37832A45552E0068E23D /* CreateNewPostViewController.swift */,
			);
			path = Posts;
			sourceTree = "<group>";
		};
		88F3342D2A45174300E4A894 /* Other */ = {
			isa = PBXGroup;
			children = (
				88F3342E2A45177600E4A894 /* PayWallViewController.swift */,
			);
			path = Other;
			sourceTree = "<group>";
		};
		9667F5D5BFC573BA2D2082A0 /* Pods */ = {
			isa = PBXGroup;
			children = (
				614114CD689116A382B34251 /* Pods-AppBlog.debug.xcconfig */,
				48AF65C7D2AC999C998FA85D /* Pods-AppBlog.release.xcconfig */,
			);
			path = Pods;
			sourceTree = "<group>";
		};
/* End PBXGroup section */

/* Begin PBXNativeTarget section */
		882918242A44FB06009FD2E0 /* AppBlog */ = {
			isa = PBXNativeTarget;
			buildConfigurationList = 882918392A44FB07009FD2E0 /* Build configuration list for PBXNativeTarget "AppBlog" */;
			buildPhases = (
				64E68166AC2CDD39BCD82505 /* [CP] Check Pods Manifest.lock */,
				882918212A44FB06009FD2E0 /* Sources */,
				882918222A44FB06009FD2E0 /* Frameworks */,
				882918232A44FB06009FD2E0 /* Resources */,
				4924EF5F21D0772E28C97B7A /* [CP] Embed Pods Frameworks */,
			);
			buildRules = (
			);
			dependencies = (
			);
			name = AppBlog;
			productName = AppBlog;
			productReference = 882918252A44FB06009FD2E0 /* AppBlog.app */;
			productType = "com.apple.product-type.application";
		};
/* End PBXNativeTarget section */

/* Begin PBXProject section */
		8829181D2A44FB06009FD2E0 /* Project object */ = {
			isa = PBXProject;
			attributes = {
				BuildIndependentTargetsInParallel = 1;
				LastSwiftUpdateCheck = 1430;
				LastUpgradeCheck = 1430;
				TargetAttributes = {
					882918242A44FB06009FD2E0 = {
						CreatedOnToolsVersion = 14.3;
					};
				};
			};
			buildConfigurationList = 882918202A44FB06009FD2E0 /* Build configuration list for PBXProject "AppBlog" */;
			compatibilityVersion = "Xcode 14.0";
			developmentRegion = en;
			hasScannedForEncodings = 0;
			knownRegions = (
				en,
				Base,
			);
			mainGroup = 8829181C2A44FB06009FD2E0;
			productRefGroup = 882918262A44FB06009FD2E0 /* Products */;
			projectDirPath = "";
			projectRoot = "";
			targets = (
				882918242A44FB06009FD2E0 /* AppBlog */,
			);
		};
/* End PBXProject section */

/* Begin PBXResourcesBuildPhase section */
		882918232A44FB06009FD2E0 /* Resources */ = {
			isa = PBXResourcesBuildPhase;
			buildActionMask = 2147483647;
			files = (
				882918352A44FB07009FD2E0 /* LaunchScreen.storyboard in Resources */,
				882918322A44FB07009FD2E0 /* Assets.xcassets in Resources */,
				88F334222A450C8200E4A894 /* GoogleService-Info.plist in Resources */,
			);
			runOnlyForDeploymentPostprocessing = 0;
		};
/* End PBXResourcesBuildPhase section */

/* Begin PBXShellScriptBuildPhase section */
		4924EF5F21D0772E28C97B7A /* [CP] Embed Pods Frameworks */ = {
			isa = PBXShellScriptBuildPhase;
			buildActionMask = 2147483647;
			files = (
			);
			inputFileListPaths = (
				"${PODS_ROOT}/Target Support Files/Pods-AppBlog/Pods-AppBlog-frameworks-${CONFIGURATION}-input-files.xcfilelist",
			);
			name = "[CP] Embed Pods Frameworks";
			outputFileListPaths = (
				"${PODS_ROOT}/Target Support Files/Pods-AppBlog/Pods-AppBlog-frameworks-${CONFIGURATION}-output-files.xcfilelist",
			);
			runOnlyForDeploymentPostprocessing = 0;
			shellPath = /bin/sh;
			shellScript = "\"${PODS_ROOT}/Target Support Files/Pods-AppBlog/Pods-AppBlog-frameworks.sh\"\n";
			showEnvVarsInLog = 0;
		};
		64E68166AC2CDD39BCD82505 /* [CP] Check Pods Manifest.lock */ = {
			isa = PBXShellScriptBuildPhase;
			buildActionMask = 2147483647;
			files = (
			);
			inputFileListPaths = (
			);
			inputPaths = (
				"${PODS_PODFILE_DIR_PATH}/Podfile.lock",
				"${PODS_ROOT}/Manifest.lock",
			);
			name = "[CP] Check Pods Manifest.lock";
			outputFileListPaths = (
			);
			outputPaths = (
				"$(DERIVED_FILE_DIR)/Pods-AppBlog-checkManifestLockResult.txt",
			);
			runOnlyForDeploymentPostprocessing = 0;
			shellPath = /bin/sh;
			shellScript = "diff \"${PODS_PODFILE_DIR_PATH}/Podfile.lock\" \"${PODS_ROOT}/Manifest.lock\" > /dev/null\nif [ $? != 0 ] ; then\n    # print error to STDERR\n    echo \"error: The sandbox is not in sync with the Podfile.lock. Run 'pod install' or update your CocoaPods installation.\" >&2\n    exit 1\nfi\n# This output is used by Xcode 'outputs' to avoid re-running this script phase.\necho \"SUCCESS\" > \"${SCRIPT_OUTPUT_FILE_0}\"\n";
			showEnvVarsInLog = 0;
		};
/* End PBXShellScriptBuildPhase section */

/* Begin PBXSourcesBuildPhase section */
		882918212A44FB06009FD2E0 /* Sources */ = {
			isa = PBXSourcesBuildPhase;
			buildActionMask = 2147483647;
			files = (
				88F334312A451BE300E4A894 /* PayWallHeaderView.swift in Sources */,
				8829182D2A44FB06009FD2E0 /* HomeViewController.swift in Sources */,
				882918492A44FE85009FD2E0 /* AuthManager.swift in Sources */,
				88F334262A45124A00E4A894 /* BlogPost.swift in Sources */,
				882918452A44FE5F009FD2E0 /* IAPManager.swift in Sources */,
				882918292A44FB06009FD2E0 /* AppDelegate.swift in Sources */,
				8829184F2A44FF0D009FD2E0 /* TabBarViewController.swift in Sources */,
				88F334332A451D7600E4A894 /* Extension.swift in Sources */,
				882918422A44FDF9009FD2E0 /* ProfileViewController.swift in Sources */,
				881A37842A45552E0068E23D /* CreateNewPostViewController.swift in Sources */,
				882918472A44FE77009FD2E0 /* DataBaseManager.swift in Sources */,
				88F334292A45154C00E4A894 /* SignInViewController.swift in Sources */,
				881A37822A4554220068E23D /* ViewPostViewController.swift in Sources */,
				8829182B2A44FB06009FD2E0 /* SceneDelegate.swift in Sources */,
				88F334242A45123F00E4A894 /* User.swift in Sources */,
				88F334372A452FFC00E4A894 /* SignInHeaderView.swift in Sources */,
				88F3342F2A45177600E4A894 /* PayWallViewController.swift in Sources */,
				88F3342B2A4515AF00E4A894 /* SignUpViewController.swift in Sources */,
				8829184B2A44FE95009FD2E0 /* StorageManager.swift in Sources */,
				88F334352A45233800E4A894 /* PayWallDescriptionView.swift in Sources */,
			);
			runOnlyForDeploymentPostprocessing = 0;
		};
/* End PBXSourcesBuildPhase section */

/* Begin PBXVariantGroup section */
		882918332A44FB07009FD2E0 /* LaunchScreen.storyboard */ = {
			isa = PBXVariantGroup;
			children = (
				882918342A44FB07009FD2E0 /* Base */,
			);
			name = LaunchScreen.storyboard;
			sourceTree = "<group>";
		};
/* End PBXVariantGroup section */

/* Begin XCBuildConfiguration section */
		882918372A44FB07009FD2E0 /* Debug */ = {
			isa = XCBuildConfiguration;
			buildSettings = {
				ALWAYS_SEARCH_USER_PATHS = NO;
				CLANG_ANALYZER_NONNULL = YES;
				CLANG_ANALYZER_NUMBER_OBJECT_CONVERSION = YES_AGGRESSIVE;
				CLANG_CXX_LANGUAGE_STANDARD = "gnu++20";
				CLANG_ENABLE_MODULES = YES;
				CLANG_ENABLE_OBJC_ARC = YES;
				CLANG_ENABLE_OBJC_WEAK = YES;
				CLANG_WARN_BLOCK_CAPTURE_AUTORELEASING = YES;
				CLANG_WARN_BOOL_CONVERSION = YES;
				CLANG_WARN_COMMA = YES;
				CLANG_WARN_CONSTANT_CONVERSION = YES;
				CLANG_WARN_DEPRECATED_OBJC_IMPLEMENTATIONS = YES;
				CLANG_WARN_DIRECT_OBJC_ISA_USAGE = YES_ERROR;
				CLANG_WARN_DOCUMENTATION_COMMENTS = YES;
				CLANG_WARN_EMPTY_BODY = YES;
				CLANG_WARN_ENUM_CONVERSION = YES;
				CLANG_WARN_INFINITE_RECURSION = YES;
				CLANG_WARN_INT_CONVERSION = YES;
				CLANG_WARN_NON_LITERAL_NULL_CONVERSION = YES;
				CLANG_WARN_OBJC_IMPLICIT_RETAIN_SELF = YES;
				CLANG_WARN_OBJC_LITERAL_CONVERSION = YES;
				CLANG_WARN_OBJC_ROOT_CLASS = YES_ERROR;
				CLANG_WARN_QUOTED_INCLUDE_IN_FRAMEWORK_HEADER = YES;
				CLANG_WARN_RANGE_LOOP_ANALYSIS = YES;
				CLANG_WARN_STRICT_PROTOTYPES = YES;
				CLANG_WARN_SUSPICIOUS_MOVE = YES;
				CLANG_WARN_UNGUARDED_AVAILABILITY = YES_AGGRESSIVE;
				CLANG_WARN_UNREACHABLE_CODE = YES;
				CLANG_WARN__DUPLICATE_METHOD_MATCH = YES;
				COPY_PHASE_STRIP = NO;
				DEBUG_INFORMATION_FORMAT = dwarf;
				ENABLE_STRICT_OBJC_MSGSEND = YES;
				ENABLE_TESTABILITY = YES;
				GCC_C_LANGUAGE_STANDARD = gnu11;
				GCC_DYNAMIC_NO_PIC = NO;
				GCC_NO_COMMON_BLOCKS = YES;
				GCC_OPTIMIZATION_LEVEL = 0;
				GCC_PREPROCESSOR_DEFINITIONS = (
					"DEBUG=1",
					"$(inherited)",
				);
				GCC_WARN_64_TO_32_BIT_CONVERSION = YES;
				GCC_WARN_ABOUT_RETURN_TYPE = YES_ERROR;
				GCC_WARN_UNDECLARED_SELECTOR = YES;
				GCC_WARN_UNINITIALIZED_AUTOS = YES_AGGRESSIVE;
				GCC_WARN_UNUSED_FUNCTION = YES;
				GCC_WARN_UNUSED_VARIABLE = YES;
				IPHONEOS_DEPLOYMENT_TARGET = 16.4;
				MTL_ENABLE_DEBUG_INFO = INCLUDE_SOURCE;
				MTL_FAST_MATH = YES;
				ONLY_ACTIVE_ARCH = YES;
				SDKROOT = iphoneos;
				SWIFT_ACTIVE_COMPILATION_CONDITIONS = DEBUG;
				SWIFT_OPTIMIZATION_LEVEL = "-Onone";
			};
			name = Debug;
		};
		882918382A44FB07009FD2E0 /* Release */ = {
			isa = XCBuildConfiguration;
			buildSettings = {
				ALWAYS_SEARCH_USER_PATHS = NO;
				CLANG_ANALYZER_NONNULL = YES;
				CLANG_ANALYZER_NUMBER_OBJECT_CONVERSION = YES_AGGRESSIVE;
				CLANG_CXX_LANGUAGE_STANDARD = "gnu++20";
				CLANG_ENABLE_MODULES = YES;
				CLANG_ENABLE_OBJC_ARC = YES;
				CLANG_ENABLE_OBJC_WEAK = YES;
				CLANG_WARN_BLOCK_CAPTURE_AUTORELEASING = YES;
				CLANG_WARN_BOOL_CONVERSION = YES;
				CLANG_WARN_COMMA = YES;
				CLANG_WARN_CONSTANT_CONVERSION = YES;
				CLANG_WARN_DEPRECATED_OBJC_IMPLEMENTATIONS = YES;
				CLANG_WARN_DIRECT_OBJC_ISA_USAGE = YES_ERROR;
				CLANG_WARN_DOCUMENTATION_COMMENTS = YES;
				CLANG_WARN_EMPTY_BODY = YES;
				CLANG_WARN_ENUM_CONVERSION = YES;
				CLANG_WARN_INFINITE_RECURSION = YES;
				CLANG_WARN_INT_CONVERSION = YES;
				CLANG_WARN_NON_LITERAL_NULL_CONVERSION = YES;
				CLANG_WARN_OBJC_IMPLICIT_RETAIN_SELF = YES;
				CLANG_WARN_OBJC_LITERAL_CONVERSION = YES;
				CLANG_WARN_OBJC_ROOT_CLASS = YES_ERROR;
				CLANG_WARN_QUOTED_INCLUDE_IN_FRAMEWORK_HEADER = YES;
				CLANG_WARN_RANGE_LOOP_ANALYSIS = YES;
				CLANG_WARN_STRICT_PROTOTYPES = YES;
				CLANG_WARN_SUSPICIOUS_MOVE = YES;
				CLANG_WARN_UNGUARDED_AVAILABILITY = YES_AGGRESSIVE;
				CLANG_WARN_UNREACHABLE_CODE = YES;
				CLANG_WARN__DUPLICATE_METHOD_MATCH = YES;
				COPY_PHASE_STRIP = NO;
				DEBUG_INFORMATION_FORMAT = "dwarf-with-dsym";
				ENABLE_NS_ASSERTIONS = NO;
				ENABLE_STRICT_OBJC_MSGSEND = YES;
				GCC_C_LANGUAGE_STANDARD = gnu11;
				GCC_NO_COMMON_BLOCKS = YES;
				GCC_WARN_64_TO_32_BIT_CONVERSION = YES;
				GCC_WARN_ABOUT_RETURN_TYPE = YES_ERROR;
				GCC_WARN_UNDECLARED_SELECTOR = YES;
				GCC_WARN_UNINITIALIZED_AUTOS = YES_AGGRESSIVE;
				GCC_WARN_UNUSED_FUNCTION = YES;
				GCC_WARN_UNUSED_VARIABLE = YES;
				IPHONEOS_DEPLOYMENT_TARGET = 16.4;
				MTL_ENABLE_DEBUG_INFO = NO;
				MTL_FAST_MATH = YES;
				SDKROOT = iphoneos;
				SWIFT_COMPILATION_MODE = wholemodule;
				SWIFT_OPTIMIZATION_LEVEL = "-O";
				VALIDATE_PRODUCT = YES;
			};
			name = Release;
		};
		8829183A2A44FB07009FD2E0 /* Debug */ = {
			isa = XCBuildConfiguration;
			baseConfigurationReference = 614114CD689116A382B34251 /* Pods-AppBlog.debug.xcconfig */;
			buildSettings = {
				ASSETCATALOG_COMPILER_APPICON_NAME = AppIcon;
				ASSETCATALOG_COMPILER_GLOBAL_ACCENT_COLOR_NAME = AccentColor;
				CODE_SIGN_STYLE = Automatic;
				CURRENT_PROJECT_VERSION = 1;
				DEVELOPMENT_TEAM = HXUYU6LP5D;
				GENERATE_INFOPLIST_FILE = YES;
				INFOPLIST_FILE = AppBlog/Info.plist;
				INFOPLIST_KEY_UIApplicationSupportsIndirectInputEvents = YES;
				INFOPLIST_KEY_UILaunchStoryboardName = LaunchScreen;
				INFOPLIST_KEY_UIMainStoryboardFile = "";
				INFOPLIST_KEY_UISupportedInterfaceOrientations = UIInterfaceOrientationPortrait;
				IPHONEOS_DEPLOYMENT_TARGET = 14.0;
				LD_RUNPATH_SEARCH_PATHS = (
					"$(inherited)",
					"@executable_path/Frameworks",
				);
				MARKETING_VERSION = 1.0;
				PRODUCT_BUNDLE_IDENTIFIER = wolf.AppBlog;
				PRODUCT_NAME = "$(TARGET_NAME)";
				SUPPORTED_PLATFORMS = "iphoneos iphonesimulator";
				SUPPORTS_MACCATALYST = NO;
				SUPPORTS_MAC_DESIGNED_FOR_IPHONE_IPAD = NO;
				SWIFT_EMIT_LOC_STRINGS = YES;
				SWIFT_VERSION = 5.0;
				TARGETED_DEVICE_FAMILY = 1;
			};
			name = Debug;
		};
		8829183B2A44FB07009FD2E0 /* Release */ = {
			isa = XCBuildConfiguration;
			baseConfigurationReference = 48AF65C7D2AC999C998FA85D /* Pods-AppBlog.release.xcconfig */;
			buildSettings = {
				ASSETCATALOG_COMPILER_APPICON_NAME = AppIcon;
				ASSETCATALOG_COMPILER_GLOBAL_ACCENT_COLOR_NAME = AccentColor;
				CODE_SIGN_STYLE = Automatic;
				CURRENT_PROJECT_VERSION = 1;
				DEVELOPMENT_TEAM = HXUYU6LP5D;
				GENERATE_INFOPLIST_FILE = YES;
				INFOPLIST_FILE = AppBlog/Info.plist;
				INFOPLIST_KEY_UIApplicationSupportsIndirectInputEvents = YES;
				INFOPLIST_KEY_UILaunchStoryboardName = LaunchScreen;
				INFOPLIST_KEY_UIMainStoryboardFile = "";
				INFOPLIST_KEY_UISupportedInterfaceOrientations = UIInterfaceOrientationPortrait;
				IPHONEOS_DEPLOYMENT_TARGET = 14.0;
				LD_RUNPATH_SEARCH_PATHS = (
					"$(inherited)",
					"@executable_path/Frameworks",
				);
				MARKETING_VERSION = 1.0;
				PRODUCT_BUNDLE_IDENTIFIER = wolf.AppBlog;
				PRODUCT_NAME = "$(TARGET_NAME)";
				SUPPORTED_PLATFORMS = "iphoneos iphonesimulator";
				SUPPORTS_MACCATALYST = NO;
				SUPPORTS_MAC_DESIGNED_FOR_IPHONE_IPAD = NO;
				SWIFT_EMIT_LOC_STRINGS = YES;
				SWIFT_VERSION = 5.0;
				TARGETED_DEVICE_FAMILY = 1;
			};
			name = Release;
		};
/* End XCBuildConfiguration section */

/* Begin XCConfigurationList section */
		882918202A44FB06009FD2E0 /* Build configuration list for PBXProject "AppBlog" */ = {
			isa = XCConfigurationList;
			buildConfigurations = (
				882918372A44FB07009FD2E0 /* Debug */,
				882918382A44FB07009FD2E0 /* Release */,
			);
			defaultConfigurationIsVisible = 0;
			defaultConfigurationName = Release;
		};
		882918392A44FB07009FD2E0 /* Build configuration list for PBXNativeTarget "AppBlog" */ = {
			isa = XCConfigurationList;
			buildConfigurations = (
				8829183A2A44FB07009FD2E0 /* Debug */,
				8829183B2A44FB07009FD2E0 /* Release */,
			);
			defaultConfigurationIsVisible = 0;
			defaultConfigurationName = Release;
		};
/* End XCConfigurationList section */
	};
	rootObject = 8829181D2A44FB06009FD2E0 /* Project object */;
}
